
Microsoft Visual Studio Solution File, Format Version 12.00
# Visual Studio 15
VisualStudioVersion = 15.0.28307.572
MinimumVisualStudioVersion = 10.0.40219.1
Project("{FAE04EC0-301F-11D3-BF4B-00C04F79EFBC}") = "Core", "Core\Core.csproj", "{9BEB7433-525C-448D-9D21-DA7534E8C502}"
EndProject
Project("{FAE04EC0-301F-11D3-BF4B-00C04F79EFBC}") = "App", "App\App.csproj", "{64FEC1C5-1D93-4310-8939-39BD7EA5C75C}"
EndProject
Project("{FAE04EC0-301F-11D3-BF4B-00C04F79EFBC}") = "NewServices", "NewServices\NewServices.csproj", "{0EC61732-DB0B-44E8-90A2-8266DDD69FF3}"
EndProject
Project("{FAE04EC0-301F-11D3-BF4B-00C04F79EFBC}") = "WebAPI", "WebAPI\WebAPI.csproj", "{7FAF554D-A02A-4EFF-86F3-AF2CAB73448E}"
EndProject
Global
	GlobalSection(SolutionConfigurationPlatforms) = preSolution
		Debug|Any CPU = Debug|Any CPU
		Release|Any CPU = Release|Any CPU
	EndGlobalSection
	GlobalSection(ProjectConfigurationPlatforms) = postSolution
		{9BEB7433-525C-448D-9D21-DA7534E8C502}.Debug|Any CPU.ActiveCfg = Debug|Any CPU
		{9BEB7433-525C-448D-9D21-DA7534E8C502}.Debug|Any CPU.Build.0 = Debug|Any CPU
		{9BEB7433-525C-448D-9D21-DA7534E8C502}.Release|Any CPU.ActiveCfg = Release|Any CPU
		{9BEB7433-525C-448D-9D21-DA7534E8C502}.Release|Any CPU.Build.0 = Release|Any CPU
		{64FEC1C5-1D93-4310-8939-39BD7EA5C75C}.Debug|Any CPU.ActiveCfg = Debug|Any CPU
		{64FEC1C5-1D93-4310-8939-39BD7EA5C75C}.Debug|Any CPU.Build.0 = Debug|Any CPU
		{64FEC1C5-1D93-4310-8939-39BD7EA5C75C}.Release|Any CPU.ActiveCfg = Release|Any CPU
		{64FEC1C5-1D93-4310-8939-39BD7EA5C75C}.Release|Any CPU.Build.0 = Release|Any CPU
		{0EC61732-DB0B-44E8-90A2-8266DDD69FF3}.Debug|Any CPU.ActiveCfg = Debug|Any CPU
		{0EC61732-DB0B-44E8-90A2-8266DDD69FF3}.Debug|Any CPU.Build.0 = Debug|Any CPU
		{0EC61732-DB0B-44E8-90A2-8266DDD69FF3}.Release|Any CPU.ActiveCfg = Release|Any CPU
		{0EC61732-DB0B-44E8-90A2-8266DDD69FF3}.Release|Any CPU.Build.0 = Release|Any CPU
		{7FAF554D-A02A-4EFF-86F3-AF2CAB73448E}.Debug|Any CPU.ActiveCfg = Debug|Any CPU
		{7FAF554D-A02A-4EFF-86F3-AF2CAB73448E}.Debug|Any CPU.Build.0 = Debug|Any CPU
		{7FAF554D-A02A-4EFF-86F3-AF2CAB73448E}.Release|Any CPU.ActiveCfg = Release|Any CPU
		{7FAF554D-A02A-4EFF-86F3-AF2CAB73448E}.Release|Any CPU.Build.0 = Release|Any CPU
	EndGlobalSection
	GlobalSection(SolutionProperties) = preSolution
		HideSolutionNode = FALSE
	EndGlobalSection
	GlobalSection(ExtensibilityGlobals) = postSolution
		SolutionGuid = {D1ED7E72-C9F0-45C0-A1AD-5D9819F5261F}
	EndGlobalSection
EndGlobal
